
Microsoft Visual Studio Solution File, Format Version 12.00
# Visual Studio 2013
VisualStudioVersion = 12.0.21005.1
MinimumVisualStudioVersion = 10.0.40219.1
Project("{FAE04EC0-301F-11D3-BF4B-00C04F79EFBC}") = "duadulieuvaolistbox-conbobox", "duadulieuvaolistbox-conbobox\duadulieuvaolistbox-conbobox.csproj", "{3426B533-9F6C-4EA1-B0AC-46025C73D257}"
EndProject
Global
	GlobalSection(SolutionConfigurationPlatforms) = preSolution
		Debug|Any CPU = Debug|Any CPU
		Release|Any CPU = Release|Any CPU
	EndGlobalSection
	GlobalSection(ProjectConfigurationPlatforms) = postSolution
		{3426B533-9F6C-4EA1-B0AC-46025C73D257}.Debug|Any CPU.ActiveCfg = Debug|Any CPU
		{3426B533-9F6C-4EA1-B0AC-46025C73D257}.Debug|Any CPU.Build.0 = Debug|Any CPU
		{3426B533-9F6C-4EA1-B0AC-46025C73D257}.Release|Any CPU.ActiveCfg = Release|Any CPU
		{3426B533-9F6C-4EA1-B0AC-46025C73D257}.Release|Any CPU.Build.0 = Release|Any CPU
	EndGlobalSection
	GlobalSection(SolutionProperties) = preSolution
		HideSolutionNode = FALSE
	EndGlobalSection
EndGlobal
